{
  "name": "octobox",
  "version": "0.0.1",
  "lockfileVersion": 1,
  "requires": true,
  "dependencies": {
    "later": {
      "version": "1.2.0",
      "resolved": "https://registry.npmjs.org/later/-/later-1.2.0.tgz",
      "integrity": "sha1-8s9sTdeVbdL1IK3wMpg26YdrrQ8="
    },
    "moment": {
      "version": "2.29.2",
      "resolved": "https://registry.npmjs.org/moment/-/moment-2.29.2.tgz",
      "integrity": "sha512-UgzG4rvxYpN15jgCmVJwac49h9ly9NurikMWGPdVxm8GZD6XjkKPxDTjQQ43gtGgnV3X0cAyWDdP2Wexoquifg=="
    },
    "moment-timer": {
      "version": "1.2.3",
      "resolved": "https://registry.npmjs.org/moment-timer/-/moment-timer-1.2.3.tgz",
      "integrity": "sha1-YbhLLPQMt7XvTcWYzFTDDJX6dws=",
      "requires": {
        "moment": ">= 1.6.0"
      }
    }
  }
}
