{
  "name": "octobox",
  "version": "0.0.1",
  "lockfileVersion": 1,
  "requires": true,
  "dependencies": {
    "moment": {
      "version": "2.19.1",
      "resolved": "https://registry.npmjs.org/moment/-/moment-2.19.1.tgz",
      "integrity": "sha1-VtoaLRy/AdOLfhr8McELz6GSkWc="
    },
    "moment-timer": {
      "version": "1.2.1",
      "resolved": "https://registry.npmjs.org/moment-timer/-/moment-timer-1.2.1.tgz",
      "integrity": "sha1-maYMC7HkVy4v+sO8lFz4NqExaN8=",
      "requires": {
        "moment": "2.19.1"
      },
      "dependencies": {
        "moment": {
          "version": "2.19.1",
          "resolved": "https://registry.npmjs.org/moment/-/moment-2.19.1.tgz",
          "integrity": "sha1-VtoaLRy/AdOLfhr8McELz6GSkWc="
        }
      }
    },
    "safe-buffer": {
      "version": "5.0.1",
      "resolved": "https://registry.npmjs.org/safe-buffer/-/safe-buffer-5.0.1.tgz",
      "integrity": "sha1-0mPKVGls2KMGtcplUekt5XkY++c="
    },
    "ultron": {
      "version": "1.1.0",
      "resolved": "https://registry.npmjs.org/ultron/-/ultron-1.1.0.tgz",
      "integrity": "sha1-sHoualQagV/Go0zNRTO67DB8qGQ="
    },
    "ws": {
      "version": "3.0.0",
      "resolved": "https://registry.npmjs.org/ws/-/ws-3.0.0.tgz",
      "integrity": "sha1-mN2wAFbIOQy3Ued4h4hJf5kQO2w=",
      "requires": {
        "safe-buffer": "5.0.1",
        "ultron": "1.1.0"
      }
    }
  }
}
