{
  "name": "octobox",
  "version": "0.0.1",
  "lockfileVersion": 1,
  "requires": true,
  "dependencies": {
    "later": {
      "version": "1.2.0",
      "resolved": "https://registry.npmjs.org/later/-/later-1.2.0.tgz",
      "integrity": "sha1-8s9sTdeVbdL1IK3wMpg26YdrrQ8="
    },
    "moment": {
      "version": "2.29.4",
      "resolved": "https://registry.npmjs.org/moment/-/moment-2.29.4.tgz",
      "integrity": "sha512-5LC9SOxjSc2HF6vO2CyuTDNivEdoz2IvyJJGj6X8DJ0eFyfszE0QiEd+iXmBvUP3WHxSjFH/vIsA0EN00cgr8w=="
    },
    "moment-timer": {
      "version": "1.2.3",
      "resolved": "https://registry.npmjs.org/moment-timer/-/moment-timer-1.2.3.tgz",
      "integrity": "sha512-LEBbNdNclxmftG22mY4u3qjJA6JIuGsPFeFAfGcqqv9c9HTws9pxvM/XQcLbk2qIWN7ApDKYxkE23eFvVDriMA==",
      "requires": {
        "moment": ">= 1.6.0"
      }
    }
  }
}
